# This file is autogenerated, do not edit; changes may be undone by the next 'dep ensure'.


[[projects]]
  branch = "master"
  name = "code.cloudfoundry.org/clock"
  packages = ["."]
  revision = "02e53af36e6c978af692887ed449b74026d76fec"

[[projects]]
  name = "code.cloudfoundry.org/lager"
  packages = ["."]
  revision = "b60e04e119450552243196105bae0d42179ee0ca"
  version = "v1.1.0"

[[projects]]
  branch = "master"
  name = "code.cloudfoundry.org/trace-logger"
  packages = ["."]
  revision = "107ef08a939d5be6092ce2b5f171a16aba149cb2"

[[projects]]
  branch = "master"
  name = "code.cloudfoundry.org/uaa-go-client"
  packages = [
    ".",
    "config",
    "schema"
  ]
  revision = "ce6599d3f05c55c954834aff892c58e7b668fc70"

[[projects]]
  name = "github.com/dgrijalva/jwt-go"
  packages = ["."]
  revision = "06ea1031745cb8b3dab3f6a236daf2b0aa468b7e"
  version = "v3.2.0"

[solve-meta]
  analyzer-name = "dep"
  analyzer-version = 1
  inputs-digest = "21763c48b926c77710fdf9f1850e6db8e650c06c93ba6b906db17f00083f99c6"
  solver-name = "gps-cdcl"
  solver-version = 1
